<?xml version="1.0" encoding="utf-8"?>
<Project ToolsVersion="4.0" xmlns="http://schemas.microsoft.com/developer/msbuild/2003">
  <ItemGroup>
    <Filter Include="源文件">
      <UniqueIdentifier>{4FC737F1-C7A5-4376-A066-2A32D752A2FF}</UniqueIdentifier>
      <Extensions>cpp;c;cc;cxx;def;odl;idl;hpj;bat;asm;asmx</Extensions>
    </Filter>
    <Filter Include="头文件">
      <UniqueIdentifier>{93995380-89BD-4b04-88EB-625FBE52EBFB}</UniqueIdentifier>
      <Extensions>h;hpp;hxx;hm;inl;inc;xsd</Extensions>
    </Filter>
    <Filter Include="资源文件">
      <UniqueIdentifier>{67DA6AB6-F800-4c08-8B7A-83BB121AAD01}</UniqueIdentifier>
      <Extensions>rc;ico;cur;bmp;dlg;rc2;rct;bin;rgs;gif;jpg;jpeg;jpe;resx;tiff;tif;png;wav;mfcribbon-ms</Extensions>
    </Filter>
  </ItemGroup>
  <ItemGroup>
    <ClCompile Include="rtkrcv.c">
      <Filter>源文件</Filter>
    </ClCompile>
    <ClCompile Include="rtkcmn.c">
      <Filter>源文件</Filter>
    </ClCompile>
    <ClCompile Include="rtkpos.c">
      <Filter>源文件</Filter>
    </ClCompile>
    <ClCompile Include="rtksvr.c">
      <Filter>源文件</Filter>
    </ClCompile>
    <ClCompile Include="stream.c">
      <Filter>源文件</Filter>
    </ClCompile>
    <ClCompile Include="lambda.c">
      <Filter>源文件</Filter>
    </ClCompile>
    <ClCompile Include="pntpos.c">
      <Filter>源文件</Filter>
    </ClCompile>
    <ClCompile Include="rtcm.c">
      <Filter>源文件</Filter>
    </ClCompile>
    <ClCompile Include="rtcm2.c">
      <Filter>源文件</Filter>
    </ClCompile>
    <ClCompile Include="rtcm3.c">
      <Filter>源文件</Filter>
    </ClCompile>
    <ClCompile Include="rtcm3e.c">
      <Filter>源文件</Filter>
    </ClCompile>
    <ClCompile Include="novatel.c">
      <Filter>源文件</Filter>
    </ClCompile>
    <ClCompile Include="ublox.c">
      <Filter>源文件</Filter>
    </ClCompile>
    <ClCompile Include="rcvraw.c">
      <Filter>源文件</Filter>
    </ClCompile>
    <ClCompile Include="ionex.c">
      <Filter>源文件</Filter>
    </ClCompile>
    <ClCompile Include="ephemeris.c">
      <Filter>源文件</Filter>
    </ClCompile>
    <ClCompile Include="preceph.c">
      <Filter>源文件</Filter>
    </ClCompile>
    <ClCompile Include="sbas.c">
      <Filter>源文件</Filter>
    </ClCompile>
    <ClCompile Include="qzslex.c">
      <Filter>源文件</Filter>
    </ClCompile>
    <ClCompile Include="rt17.c">
      <Filter>源文件</Filter>
    </ClCompile>
    <ClCompile Include="cmr.c">
      <Filter>源文件</Filter>
    </ClCompile>
    <ClCompile Include="ss2.c">
      <Filter>源文件</Filter>
    </ClCompile>
    <ClCompile Include="crescent.c">
      <Filter>源文件</Filter>
    </ClCompile>
    <ClCompile Include="skytraq.c">
      <Filter>源文件</Filter>
    </ClCompile>
    <ClCompile Include="gw10.c">
      <Filter>源文件</Filter>
    </ClCompile>
    <ClCompile Include="javad.c">
      <Filter>源文件</Filter>
    </ClCompile>
    <ClCompile Include="nvs.c">
      <Filter>源文件</Filter>
    </ClCompile>
    <ClCompile Include="binex.c">
      <Filter>源文件</Filter>
    </ClCompile>
    <ClCompile Include="septentrio.c">
      <Filter>源文件</Filter>
    </ClCompile>
    <ClCompile Include="tides.c">
      <Filter>源文件</Filter>
    </ClCompile>
    <ClCompile Include="ppp.c">
      <Filter>源文件</Filter>
    </ClCompile>
    <ClCompile Include="ppp_ar.c">
      <Filter>源文件</Filter>
    </ClCompile>
    <ClCompile Include="ppp_corr.c">
      <Filter>源文件</Filter>
    </ClCompile>
    <ClCompile Include="geoid.c">
      <Filter>源文件</Filter>
    </ClCompile>
    <ClCompile Include="options.c">
      <Filter>源文件</Filter>
    </ClCompile>
    <ClCompile Include="vt.c">
      <Filter>源文件</Filter>
    </ClCompile>
    <ClCompile Include="rinex.c">
      <Filter>源文件</Filter>
    </ClCompile>
    <ClCompile Include="solution.c">
      <Filter>源文件</Filter>
    </ClCompile>
  </ItemGroup>
  <ItemGroup>
    <ClInclude Include="rtklib.h">
      <Filter>头文件</Filter>
    </ClInclude>
    <ClInclude Include="vt.h">
      <Filter>头文件</Filter>
    </ClInclude>
  </ItemGroup>
</Project>