
Microsoft Visual Studio Solution File, Format Version 12.00
# Visual Studio Version 16
VisualStudioVersion = 16.0.30330.147
MinimumVisualStudioVersion = 10.0.40219.1
Project("{8BC9CEB8-8B4A-11D0-8D11-00A0C91BC942}") = "Rtklib_demo", "Rtklib_demo.vcxproj", "{4442E549-12C1-480C-B69E-897D48DA85B0}"
EndProject
Global
	GlobalSection(SolutionConfigurationPlatforms) = preSolution
		Debug|x64 = Debug|x64
		Debug|x86 = Debug|x86
		Release|x64 = Release|x64
		Release|x86 = Release|x86
	EndGlobalSection
	GlobalSection(ProjectConfigurationPlatforms) = postSolution
		{4442E549-12C1-480C-B69E-897D48DA85B0}.Debug|x64.ActiveCfg = Debug|x64
		{4442E549-12C1-480C-B69E-897D48DA85B0}.Debug|x64.Build.0 = Debug|x64
		{4442E549-12C1-480C-B69E-897D48DA85B0}.Debug|x86.ActiveCfg = Debug|Win32
		{4442E549-12C1-480C-B69E-897D48DA85B0}.Debug|x86.Build.0 = Debug|Win32
		{4442E549-12C1-480C-B69E-897D48DA85B0}.Release|x64.ActiveCfg = Release|x64
		{4442E549-12C1-480C-B69E-897D48DA85B0}.Release|x64.Build.0 = Release|x64
		{4442E549-12C1-480C-B69E-897D48DA85B0}.Release|x86.ActiveCfg = Release|Win32
		{4442E549-12C1-480C-B69E-897D48DA85B0}.Release|x86.Build.0 = Release|Win32
	EndGlobalSection
	GlobalSection(SolutionProperties) = preSolution
		HideSolutionNode = FALSE
	EndGlobalSection
	GlobalSection(ExtensibilityGlobals) = postSolution
		SolutionGuid = {357F95C5-B1A5-4F0F-9C43-65209450AEC7}
	EndGlobalSection
EndGlobal
